
Microsoft Visual Studio Solution File, Format Version 12.00
# Visual Studio Version 16
VisualStudioVersion = 16.0.32106.194
MinimumVisualStudioVersion = 10.0.40219.1
Project("{FAE04EC0-301F-11D3-BF4B-00C04F79EFBC}") = "Chat", "Chat\Chat.csproj", "{AEE3AAA6-C788-4365-ABB3-F7E5C10EDD09}"
EndProject
Global
	GlobalSection(SolutionConfigurationPlatforms) = preSolution
		Debug|Any CPU = Debug|Any CPU
		Release|Any CPU = Release|Any CPU
	EndGlobalSection
	GlobalSection(ProjectConfigurationPlatforms) = postSolution
		{AEE3AAA6-C788-4365-ABB3-F7E5C10EDD09}.Debug|Any CPU.ActiveCfg = Debug|Any CPU
		{AEE3AAA6-C788-4365-ABB3-F7E5C10EDD09}.Debug|Any CPU.Build.0 = Debug|Any CPU
		{AEE3AAA6-C788-4365-ABB3-F7E5C10EDD09}.Release|Any CPU.ActiveCfg = Release|Any CPU
		{AEE3AAA6-C788-4365-ABB3-F7E5C10EDD09}.Release|Any CPU.Build.0 = Release|Any CPU
	EndGlobalSection
	GlobalSection(SolutionProperties) = preSolution
		HideSolutionNode = FALSE
	EndGlobalSection
	GlobalSection(ExtensibilityGlobals) = postSolution
		SolutionGuid = {133738DD-5941-43AC-9146-FD1B67BC8266}
	EndGlobalSection
EndGlobal
